<?xml version="1.0" encoding="utf-8"?>
<Project ToolsVersion="4.0" xmlns="http://schemas.microsoft.com/developer/msbuild/2003">
  <ItemGroup>
    <Filter Include="Resource Files">
      <UniqueIdentifier>{38712199-cebf-4124-bf15-398f7c3419ea}</UniqueIdentifier>
      <Extensions>ico;cur;bmp;dlg;rc2;rct;bin;rgs;gif;jpg;jpeg;jpe</Extensions>
    </Filter>
    <Filter Include="FreeRTOS Source">
      <UniqueIdentifier>{af3445a1-4908-4170-89ed-39345d90d30c}</UniqueIdentifier>
    </Filter>
    <Filter Include="FreeRTOS Source\Source">
      <UniqueIdentifier>{f32be356-4763-4cae-9020-974a2638cb08}</UniqueIdentifier>
      <Extensions>*.c</Extensions>
    </Filter>
    <Filter Include="FreeRTOS Source\Include">
      <UniqueIdentifier>{a60060e3-3949-4f60-b025-cb84164ae9ed}</UniqueIdentifier>
    </Filter>
    <Filter Include="Demo App Source">
      <UniqueIdentifier>{34567deb-d5ab-4a56-8640-0aaec609521a}</UniqueIdentifier>
      <Extensions>cpp;c;cxx;rc;def;r;odl;idl;hpj;bat</Extensions>
    </Filter>
    <Filter Include="FreeRTOS Source\Source\Portable">
      <UniqueIdentifier>{88f409e6-d396-4ac5-94bd-7a99c914be46}</UniqueIdentifier>
    </Filter>
    <Filter Include="Configuration Files">
      <UniqueIdentifier>{19ff1a34-36de-4c48-9d10-3fb1fa0d1fa4}</UniqueIdentifier>
      <Extensions>h;hpp;hxx;hm;inl</Extensions>
    </Filter>
    <Filter Include="Demo App Source\FreeRTOS+Trace Recorder">
      <UniqueIdentifier>{90b56567-bab6-4d92-b319-b514d378329d}</UniqueIdentifier>
    </Filter>
    <Filter Include="Demo App Source\Full_Demo">
      <UniqueIdentifier>{4ae1665e-a7bb-4c1a-81a3-531d883e6f2d}</UniqueIdentifier>
    </Filter>
    <Filter Include="Demo App Source\Full_Demo\Common Demo Tasks">
      <UniqueIdentifier>{2d4a700c-06e3-4dd2-afbe-ab1be71ebe2a}</UniqueIdentifier>
    </Filter>
    <Filter Include="Demo App Source\Blinky_Demo">
      <UniqueIdentifier>{fb86fa48-ac27-4f87-9215-ce9e1a1a85f9}</UniqueIdentifier>
    </Filter>
    <Filter Include="Demo App Source\FreeRTOS+Trace Recorder\include">
      <UniqueIdentifier>{5cb8735d-498f-40aa-bf5c-9d41923b7968}</UniqueIdentifier>
    </Filter>
  </ItemGroup>
  <ItemGroup>
    <ClCompile Include="main.c">
      <Filter>Demo App Source</Filter>
    </ClCompile>
    <ClCompile Include="..\Common\Minimal\flop.c">
      <Filter>Demo App Source\Full_Demo\Common Demo Tasks</Filter>
    </ClCompile>
    <ClCompile Include="..\Common\Minimal\GenQTest.c">
      <Filter>Demo App Source\Full_Demo\Common Demo Tasks</Filter>
    </ClCompile>
    <ClCompile Include="..\Common\Minimal\integer.c">
      <Filter>Demo App Source\Full_Demo\Common Demo Tasks</Filter>
    </ClCompile>
    <ClCompile Include="..\Common\Minimal\PollQ.c">
      <Filter>Demo App Source\Full_Demo\Common Demo Tasks</Filter>
    </ClCompile>
    <ClCompile Include="..\Common\Minimal\QPeek.c">
      <Filter>Demo App Source\Full_Demo\Common Demo Tasks</Filter>
    </ClCompile>
    <ClCompile Include="..\Common\Minimal\semtest.c">
      <Filter>Demo App Source\Full_Demo\Common Demo Tasks</Filter>
    </ClCompile>
    <ClCompile Include="..\Common\Minimal\BlockQ.c">
      <Filter>Demo App Source\Full_Demo\Common Demo Tasks</Filter>
    </ClCompile>
    <ClCompile Include="..\Common\Minimal\blocktim.c">
      <Filter>Demo App Source\Full_Demo\Common Demo Tasks</Filter>
    </ClCompile>
    <ClCompile Include="..\Common\Minimal\timerdemo.c">
      <Filter>Demo App Source\Full_Demo\Common Demo Tasks</Filter>
    </ClCompile>
    <ClCompile Include="..\Common\Minimal\countsem.c">
      <Filter>Demo App Source\Full_Demo\Common Demo Tasks</Filter>
    </ClCompile>
    <ClCompile Include="..\Common\Minimal\death.c">
      <Filter>Demo App Source\Full_Demo\Common Demo Tasks</Filter>
    </ClCompile>
    <ClCompile Include="..\Common\Minimal\dynamic.c">
      <Filter>Demo App Source\Full_Demo\Common Demo Tasks</Filter>
    </ClCompile>
    <ClCompile Include="..\Common\Minimal\QueueSet.c">
      <Filter>Demo App Source\Full_Demo\Common Demo Tasks</Filter>
    </ClCompile>
    <ClCompile Include="Run-time-stats-utils.c">
      <Filter>Demo App Source</Filter>
    </ClCompile>
    <ClCompile Include="..\Common\Minimal\QueueOverwrite.c">
      <Filter>Demo App Source\Full_Demo\Common Demo Tasks</Filter>
    </ClCompile>
    <ClCompile Include="..\Common\Minimal\EventGroupsDemo.c">
      <Filter>Demo App Source\Full_Demo\Common Demo Tasks</Filter>
    </ClCompile>
    <ClCompile Include="..\Common\Minimal\IntSemTest.c">
      <Filter>Demo App Source\Full_Demo\Common Demo Tasks</Filter>
    </ClCompile>
    <ClCompile Include="..\Common\Minimal\TaskNotify.c">
      <Filter>Demo App Source\Full_Demo\Common Demo Tasks</Filter>
    </ClCompile>
    <ClCompile Include="..\Common\Minimal\QueueSetPolling.c">
      <Filter>Demo App Source\Full_Demo\Common Demo Tasks</Filter>
    </ClCompile>
    <ClCompile Include="..\Common\Minimal\recmutex.c">
      <Filter>Demo App Source\Full_Demo\Common Demo Tasks</Filter>
    </ClCompile>
    <ClCompile Include="main_full.c">
      <Filter>Demo App Source\Full_Demo</Filter>
    </ClCompile>
    <ClCompile Include="main_blinky.c">
      <Filter>Demo App Source\Blinky_Demo</Filter>
    </ClCompile>
    <ClCompile Include="..\Common\Minimal\StaticAllocation.c">
      <Filter>Demo App Source\Full_Demo\Common Demo Tasks</Filter>
    </ClCompile>
    <ClCompile Include="..\Common\Minimal\AbortDelay.c">
      <Filter>Demo App Source\Full_Demo\Common Demo Tasks</Filter>
    </ClCompile>
    <ClCompile Include="..\Common\Minimal\MessageBufferDemo.c">
      <Filter>Demo App Source\Full_Demo\Common Demo Tasks</Filter>
    </ClCompile>
    <ClCompile Include="..\Common\Minimal\StreamBufferDemo.c">
      <Filter>Demo App Source\Full_Demo\Common Demo Tasks</Filter>
    </ClCompile>
    <ClCompile Include="..\Common\Minimal\StreamBufferInterrupt.c">
      <Filter>Demo App Source\Full_Demo\Common Demo Tasks</Filter>
    </ClCompile>
    <ClCompile Include="..\Common\Minimal\MessageBufferAMP.c">
      <Filter>Demo App Source\Full_Demo\Common Demo Tasks</Filter>
    </ClCompile>
    <ClCompile Include="..\Common\Minimal\TaskNotifyArray.c">
      <Filter>Demo App Source\Full_Demo\Common Demo Tasks</Filter>
    </ClCompile>
    <ClCompile Include="..\FreeRTOS-Plus-Trace\kernelports\FreeRTOS\trcKernelPort.c">
      <Filter>Demo App Source</Filter>
    </ClCompile>
    <ClCompile Include="..\FreeRTOS-Plus-Trace\trcSnapshotRecorder.c">
      <Filter>Demo App Source</Filter>
    </ClCompile>
    <ClCompile Include="..\croutine.c">
      <Filter>Demo App Source</Filter>
    </ClCompile>
    <ClCompile Include="..\event_groups.c">
      <Filter>Demo App Source</Filter>
    </ClCompile>
    <ClCompile Include="..\MemMang\heap_5.c">
      <Filter>Demo App Source</Filter>
    </ClCompile>
    <ClCompile Include="..\stream_buffer.c">
      <Filter>Demo App Source</Filter>
    </ClCompile>
    <ClCompile Include="..\timers.c">
      <Filter>Demo App Source</Filter>
    </ClCompile>
    <ClCompile Include="..\list.c">
      <Filter>Demo App Source</Filter>
    </ClCompile>
    <ClCompile Include="port.c">
      <Filter>Demo App Source</Filter>
    </ClCompile>
    <ClCompile Include="..\queue.c">
      <Filter>Demo App Source</Filter>
    </ClCompile>
    <ClCompile Include="..\tasks.c">
      <Filter>Demo App Source</Filter>
    </ClCompile>
    <ClCompile Include="socket_server_main.c">
      <Filter>Demo App Source</Filter>
    </ClCompile>
  </ItemGroup>
  <ItemGroup>
    <ClInclude Include="FreeRTOSConfig.h">
      <Filter>Configuration Files</Filter>
    </ClInclude>
    <ClInclude Include="Trace_Recorder_Configuration\trcConfig.h">
      <Filter>Configuration Files</Filter>
    </ClInclude>
    <ClInclude Include="Trace_Recorder_Configuration\trcKernelPortConfig.h">
      <Filter>Configuration Files</Filter>
    </ClInclude>
    <ClInclude Include="Trace_Recorder_Configuration\trcKernelPortSnapshotConfig.h">
      <Filter>Configuration Files</Filter>
    </ClInclude>
    <ClInclude Include="Trace_Recorder_Configuration\trcSnapshotConfig.h">
      <Filter>Configuration Files</Filter>
    </ClInclude>
    <ClInclude Include="..\FreeRTOS-Plus-Trace\Include\trcKernelPort.h">
      <Filter>Configuration Files</Filter>
    </ClInclude>
    <ClInclude Include="..\FreeRTOS-Plus-Trace\Include\trcRecorder.h">
      <Filter>Configuration Files</Filter>
    </ClInclude>
    <ClInclude Include="..\include\event_groups.h">
      <Filter>Configuration Files</Filter>
    </ClInclude>
    <ClInclude Include="..\include\message_buffer.h">
      <Filter>Configuration Files</Filter>
    </ClInclude>
    <ClInclude Include="..\include\stream_buffer.h">
      <Filter>Configuration Files</Filter>
    </ClInclude>
    <ClInclude Include="..\include\timers.h">
      <Filter>Configuration Files</Filter>
    </ClInclude>
    <ClInclude Include="..\portable\MSVC-MingW\portmacro.h">
      <Filter>Configuration Files</Filter>
    </ClInclude>
    <ClInclude Include="..\include\croutine.h">
      <Filter>Configuration Files</Filter>
    </ClInclude>
    <ClInclude Include="..\include\FreeRTOS.h">
      <Filter>Configuration Files</Filter>
    </ClInclude>
    <ClInclude Include="..\include\list.h">
      <Filter>Configuration Files</Filter>
    </ClInclude>
    <ClInclude Include="..\include\portable.h">
      <Filter>Configuration Files</Filter>
    </ClInclude>
    <ClInclude Include="..\include\projdefs.h">
      <Filter>Configuration Files</Filter>
    </ClInclude>
    <ClInclude Include="..\include\queue.h">
      <Filter>Configuration Files</Filter>
    </ClInclude>
    <ClInclude Include="..\include\semphr.h">
      <Filter>Configuration Files</Filter>
    </ClInclude>
    <ClInclude Include="..\include\task.h">
      <Filter>Configuration Files</Filter>
    </ClInclude>
  </ItemGroup>
  <ItemGroup>
    <None Include="packages.config" />
  </ItemGroup>
</Project>